// !$*UTF8*$!
{
	archiveVersion = 1;
	classes = {
	};
	objectVersion = 46;
	objects = {

/* Begin PBXBuildFile section */
		CB3F5DFA1EC16A8900E06A5B /* MyClass.m in Sources */ = {isa = PBXBuildFile; fileRef = CB3F5DF91EC16A8900E06A5B /* MyClass.m */; };
		CB3F5DFD1EC16BF800E06A5B /* ClassVar.m in Sources */ = {isa = PBXBuildFile; fileRef = CB3F5DFC1EC16BF800E06A5B /* ClassVar.m */; };
		CB6DCB471EC2EBEF00D79F1F /* MyObject.m in Sources */ = {isa = PBXBuildFile; fileRef = CB6DCB461EC2EBEF00D79F1F /* MyObject.m */; };
		CB6DCB4A1EC2EC0B00D79F1F /* IvarPropertyController.m in Sources */ = {isa = PBXBuildFile; fileRef = CB6DCB491EC2EC0B00D79F1F /* IvarPropertyController.m */; };
		CB6DCB4E1EC2F98800D79F1F /* MethodController.m in Sources */ = {isa = PBXBuildFile; fileRef = CB6DCB4D1EC2F98800D79F1F /* MethodController.m */; };
		CB6DCB521EC3162B00D79F1F /* ProtocolController.m in Sources */ = {isa = PBXBuildFile; fileRef = CB6DCB511EC3162B00D79F1F /* ProtocolController.m */; };
		CB6DCB551EC3163E00D79F1F /* RuntimeCategoryClass.m in Sources */ = {isa = PBXBuildFile; fileRef = CB6DCB541EC3163E00D79F1F /* RuntimeCategoryClass.m */; };
		CBD4956F1EBAFF140042BCC5 /* main.m in Sources */ = {isa = PBXBuildFile; fileRef = CBD4956E1EBAFF140042BCC5 /* main.m */; };
		CBD495721EBAFF140042BCC5 /* AppDelegate.m in Sources */ = {isa = PBXBuildFile; fileRef = CBD495711EBAFF140042BCC5 /* AppDelegate.m */; };
		CBD495751EBAFF140042BCC5 /* ViewController.m in Sources */ = {isa = PBXBuildFile; fileRef = CBD495741EBAFF140042BCC5 /* ViewController.m */; };
		CBD495781EBAFF140042BCC5 /* Main.storyboard in Resources */ = {isa = PBXBuildFile; fileRef = CBD495761EBAFF140042BCC5 /* Main.storyboard */; };
		CBD4957A1EBAFF140042BCC5 /* Assets.xcassets in Resources */ = {isa = PBXBuildFile; fileRef = CBD495791EBAFF140042BCC5 /* Assets.xcassets */; };
		CBD4957D1EBAFF140042BCC5 /* LaunchScreen.storyboard in Resources */ = {isa = PBXBuildFile; fileRef = CBD4957B1EBAFF140042BCC5 /* LaunchScreen.storyboard */; };
		CBD4958C1EBB16CE0042BCC5 /* RuntimeKit.m in Sources */ = {isa = PBXBuildFile; fileRef = CBD4958B1EBB16CE0042BCC5 /* RuntimeKit.m */; };
		CBE217B61EBC210000FD3B72 /* TestClass.m in Sources */ = {isa = PBXBuildFile; fileRef = CBE217B51EBC210000FD3B72 /* TestClass.m */; };
		CBFAEFAF1EC3FB5C000CBB76 /* ExtraController.m in Sources */ = {isa = PBXBuildFile; fileRef = CBFAEFAE1EC3FB5C000CBB76 /* ExtraController.m */; };
		CBFAEFB21EC3FBC4000CBB76 /* ExtraClass.m in Sources */ = {isa = PBXBuildFile; fileRef = CBFAEFB11EC3FBC4000CBB76 /* ExtraClass.m */; };
		CBFAEFB51EC40669000CBB76 /* MyRuntimeBlock.m in Sources */ = {isa = PBXBuildFile; fileRef = CBFAEFB41EC40669000CBB76 /* MyRuntimeBlock.m */; };
/* End PBXBuildFile section */

/* Begin PBXFileReference section */
		CB3F5DF81EC16A8900E06A5B /* MyClass.h */ = {isa = PBXFileReference; fileEncoding = 4; lastKnownFileType = sourcecode.c.h; path = MyClass.h; sourceTree = "<group>"; };
		CB3F5DF91EC16A8900E06A5B /* MyClass.m */ = {isa = PBXFileReference; fileEncoding = 4; lastKnownFileType = sourcecode.c.objc; path = MyClass.m; sourceTree = "<group>"; };
		CB3F5DFB1EC16BF800E06A5B /* ClassVar.h */ = {isa = PBXFileReference; fileEncoding = 4; lastKnownFileType = sourcecode.c.h; path = ClassVar.h; sourceTree = "<group>"; };
		CB3F5DFC1EC16BF800E06A5B /* ClassVar.m */ = {isa = PBXFileReference; fileEncoding = 4; lastKnownFileType = sourcecode.c.objc; path = ClassVar.m; sourceTree = "<group>"; };
		CB6DCB451EC2EBEF00D79F1F /* MyObject.h */ = {isa = PBXFileReference; fileEncoding = 4; lastKnownFileType = sourcecode.c.h; path = MyObject.h; sourceTree = "<group>"; };
		CB6DCB461EC2EBEF00D79F1F /* MyObject.m */ = {isa = PBXFileReference; fileEncoding = 4; lastKnownFileType = sourcecode.c.objc; path = MyObject.m; sourceTree = "<group>"; };
		CB6DCB481EC2EC0B00D79F1F /* IvarPropertyController.h */ = {isa = PBXFileReference; fileEncoding = 4; lastKnownFileType = sourcecode.c.h; path = IvarPropertyController.h; sourceTree = "<group>"; };
		CB6DCB491EC2EC0B00D79F1F /* IvarPropertyController.m */ = {isa = PBXFileReference; fileEncoding = 4; lastKnownFileType = sourcecode.c.objc; path = IvarPropertyController.m; sourceTree = "<group>"; };
		CB6DCB4C1EC2F98800D79F1F /* MethodController.h */ = {isa = PBXFileReference; fileEncoding = 4; lastKnownFileType = sourcecode.c.h; path = MethodController.h; sourceTree = "<group>"; };
		CB6DCB4D1EC2F98800D79F1F /* MethodController.m */ = {isa = PBXFileReference; fileEncoding = 4; lastKnownFileType = sourcecode.c.objc; path = MethodController.m; sourceTree = "<group>"; };
		CB6DCB501EC3162B00D79F1F /* ProtocolController.h */ = {isa = PBXFileReference; fileEncoding = 4; lastKnownFileType = sourcecode.c.h; path = ProtocolController.h; sourceTree = "<group>"; };
		CB6DCB511EC3162B00D79F1F /* ProtocolController.m */ = {isa = PBXFileReference; fileEncoding = 4; lastKnownFileType = sourcecode.c.objc; path = ProtocolController.m; sourceTree = "<group>"; };
		CB6DCB531EC3163E00D79F1F /* RuntimeCategoryClass.h */ = {isa = PBXFileReference; fileEncoding = 4; lastKnownFileType = sourcecode.c.h; path = RuntimeCategoryClass.h; sourceTree = "<group>"; };
		CB6DCB541EC3163E00D79F1F /* RuntimeCategoryClass.m */ = {isa = PBXFileReference; fileEncoding = 4; lastKnownFileType = sourcecode.c.objc; path = RuntimeCategoryClass.m; sourceTree = "<group>"; };
		CBD4956A1EBAFF140042BCC5 /* RuntimeDemo.app */ = {isa = PBXFileReference; explicitFileType = wrapper.application; includeInIndex = 0; path = RuntimeDemo.app; sourceTree = BUILT_PRODUCTS_DIR; };
		CBD4956E1EBAFF140042BCC5 /* main.m */ = {isa = PBXFileReference; lastKnownFileType = sourcecode.c.objc; path = main.m; sourceTree = "<group>"; };
		CBD495701EBAFF140042BCC5 /* AppDelegate.h */ = {isa = PBXFileReference; lastKnownFileType = sourcecode.c.h; path = AppDelegate.h; sourceTree = "<group>"; };
		CBD495711EBAFF140042BCC5 /* AppDelegate.m */ = {isa = PBXFileReference; lastKnownFileType = sourcecode.c.objc; path = AppDelegate.m; sourceTree = "<group>"; };
		CBD495731EBAFF140042BCC5 /* ViewController.h */ = {isa = PBXFileReference; lastKnownFileType = sourcecode.c.h; path = ViewController.h; sourceTree = "<group>"; };
		CBD495741EBAFF140042BCC5 /* ViewController.m */ = {isa = PBXFileReference; lastKnownFileType = sourcecode.c.objc; path = ViewController.m; sourceTree = "<group>"; };
		CBD495771EBAFF140042BCC5 /* Base */ = {isa = PBXFileReference; lastKnownFileType = file.storyboard; name = Base; path = Base.lproj/Main.storyboard; sourceTree = "<group>"; };
		CBD495791EBAFF140042BCC5 /* Assets.xcassets */ = {isa = PBXFileReference; lastKnownFileType = folder.assetcatalog; path = Assets.xcassets; sourceTree = "<group>"; };
		CBD4957C1EBAFF140042BCC5 /* Base */ = {isa = PBXFileReference; lastKnownFileType = file.storyboard; name = Base; path = Base.lproj/LaunchScreen.storyboard; sourceTree = "<group>"; };
		CBD4957E1EBAFF140042BCC5 /* Info.plist */ = {isa = PBXFileReference; lastKnownFileType = text.plist.xml; path = Info.plist; sourceTree = "<group>"; };
		CBD4958A1EBB16CE0042BCC5 /* RuntimeKit.h */ = {isa = PBXFileReference; fileEncoding = 4; lastKnownFileType = sourcecode.c.h; path = RuntimeKit.h; sourceTree = "<group>"; };
		CBD4958B1EBB16CE0042BCC5 /* RuntimeKit.m */ = {isa = PBXFileReference; fileEncoding = 4; lastKnownFileType = sourcecode.c.objc; path = RuntimeKit.m; sourceTree = "<group>"; };
		CBE217B41EBC210000FD3B72 /* TestClass.h */ = {isa = PBXFileReference; fileEncoding = 4; lastKnownFileType = sourcecode.c.h; path = TestClass.h; sourceTree = "<group>"; };
		CBE217B51EBC210000FD3B72 /* TestClass.m */ = {isa = PBXFileReference; fileEncoding = 4; lastKnownFileType = sourcecode.c.objc; path = TestClass.m; sourceTree = "<group>"; };
		CBFAEFAD1EC3FB5C000CBB76 /* ExtraController.h */ = {isa = PBXFileReference; fileEncoding = 4; lastKnownFileType = sourcecode.c.h; path = ExtraController.h; sourceTree = "<group>"; };
		CBFAEFAE1EC3FB5C000CBB76 /* ExtraController.m */ = {isa = PBXFileReference; fileEncoding = 4; lastKnownFileType = sourcecode.c.objc; path = ExtraController.m; sourceTree = "<group>"; };
		CBFAEFB01EC3FBC4000CBB76 /* ExtraClass.h */ = {isa = PBXFileReference; fileEncoding = 4; lastKnownFileType = sourcecode.c.h; path = ExtraClass.h; sourceTree = "<group>"; };
		CBFAEFB11EC3FBC4000CBB76 /* ExtraClass.m */ = {isa = PBXFileReference; fileEncoding = 4; lastKnownFileType = sourcecode.c.objc; path = ExtraClass.m; sourceTree = "<group>"; };
		CBFAEFB31EC40669000CBB76 /* MyRuntimeBlock.h */ = {isa = PBXFileReference; fileEncoding = 4; lastKnownFileType = sourcecode.c.h; path = MyRuntimeBlock.h; sourceTree = "<group>"; };
		CBFAEFB41EC40669000CBB76 /* MyRuntimeBlock.m */ = {isa = PBXFileReference; fileEncoding = 4; lastKnownFileType = sourcecode.c.objc; path = MyRuntimeBlock.m; sourceTree = "<group>"; };
/* End PBXFileReference section */

/* Begin PBXFrameworksBuildPhase section */
		CBD495671EBAFF140042BCC5 /* Frameworks */ = {
			isa = PBXFrameworksBuildPhase;
			buildActionMask = 2147483647;
			files = (
			);
			runOnlyForDeploymentPostprocessing = 0;
		};
/* End PBXFrameworksBuildPhase section */

/* Begin PBXGroup section */
		CB3F5DF61EC16A5D00E06A5B /* southPeak */ = {
			isa = PBXGroup;
			children = (
				CBFAEFAC1EC3F74A000CBB76 /* 拾遗 */,
				CB6DCB4F1EC3160900D79F1F /* 协议与分类 */,
				CB6DCB4B1EC2F96A00D79F1F /* 方法与消息 */,
				CB6DCB441EC2EBDF00D79F1F /* 成员变量与属性 */,
				CB3F5DF71EC16A5D00E06A5B /* 类与对象 */,
			);
			path = southPeak;
			sourceTree = "<group>";
		};
		CB3F5DF71EC16A5D00E06A5B /* 类与对象 */ = {
			isa = PBXGroup;
			children = (
				CB3F5DFB1EC16BF800E06A5B /* ClassVar.h */,
				CB3F5DFC1EC16BF800E06A5B /* ClassVar.m */,
				CB3F5DF81EC16A8900E06A5B /* MyClass.h */,
				CB3F5DF91EC16A8900E06A5B /* MyClass.m */,
			);
			path = "类与对象";
			sourceTree = "<group>";
		};
		CB6DCB441EC2EBDF00D79F1F /* 成员变量与属性 */ = {
			isa = PBXGroup;
			children = (
				CB6DCB481EC2EC0B00D79F1F /* IvarPropertyController.h */,
				CB6DCB491EC2EC0B00D79F1F /* IvarPropertyController.m */,
				CB6DCB451EC2EBEF00D79F1F /* MyObject.h */,
				CB6DCB461EC2EBEF00D79F1F /* MyObject.m */,
			);
			path = "成员变量与属性";
			sourceTree = "<group>";
		};
		CB6DCB4B1EC2F96A00D79F1F /* 方法与消息 */ = {
			isa = PBXGroup;
			children = (
				CB6DCB4C1EC2F98800D79F1F /* MethodController.h */,
				CB6DCB4D1EC2F98800D79F1F /* MethodController.m */,
			);
			path = "方法与消息";
			sourceTree = "<group>";
		};
		CB6DCB4F1EC3160900D79F1F /* 协议与分类 */ = {
			isa = PBXGroup;
			children = (
				CB6DCB501EC3162B00D79F1F /* ProtocolController.h */,
				CB6DCB511EC3162B00D79F1F /* ProtocolController.m */,
				CB6DCB531EC3163E00D79F1F /* RuntimeCategoryClass.h */,
				CB6DCB541EC3163E00D79F1F /* RuntimeCategoryClass.m */,
			);
			path = "协议与分类";
			sourceTree = "<group>";
		};
		CBD495611EBAFF140042BCC5 = {
			isa = PBXGroup;
			children = (
				CBD4956C1EBAFF140042BCC5 /* RuntimeDemo */,
				CBD4956B1EBAFF140042BCC5 /* Products */,
			);
			sourceTree = "<group>";
		};
		CBD4956B1EBAFF140042BCC5 /* Products */ = {
			isa = PBXGroup;
			children = (
				CBD4956A1EBAFF140042BCC5 /* RuntimeDemo.app */,
			);
			name = Products;
			sourceTree = "<group>";
		};
		CBD4956C1EBAFF140042BCC5 /* RuntimeDemo */ = {
			isa = PBXGroup;
			children = (
				CB3F5DF61EC16A5D00E06A5B /* southPeak */,
				CBD495871EBB163C0042BCC5 /* Demo */,
				CBD495701EBAFF140042BCC5 /* AppDelegate.h */,
				CBD495711EBAFF140042BCC5 /* AppDelegate.m */,
				CBD495731EBAFF140042BCC5 /* ViewController.h */,
				CBD495741EBAFF140042BCC5 /* ViewController.m */,
				CBD495761EBAFF140042BCC5 /* Main.storyboard */,
				CBD495791EBAFF140042BCC5 /* Assets.xcassets */,
				CBD4957B1EBAFF140042BCC5 /* LaunchScreen.storyboard */,
				CBD4957E1EBAFF140042BCC5 /* Info.plist */,
				CBD4956D1EBAFF140042BCC5 /* Supporting Files */,
			);
			path = RuntimeDemo;
			sourceTree = "<group>";
		};
		CBD4956D1EBAFF140042BCC5 /* Supporting Files */ = {
			isa = PBXGroup;
			children = (
				CBD4956E1EBAFF140042BCC5 /* main.m */,
			);
			name = "Supporting Files";
			sourceTree = "<group>";
		};
		CBD495871EBB163C0042BCC5 /* Demo */ = {
			isa = PBXGroup;
			children = (
				CBD495881EBB163C0042BCC5 /* Runtime */,
				CBD495891EBB163C0042BCC5 /* TestClass */,
			);
			path = Demo;
			sourceTree = "<group>";
		};
		CBD495881EBB163C0042BCC5 /* Runtime */ = {
			isa = PBXGroup;
			children = (
				CBD4958A1EBB16CE0042BCC5 /* RuntimeKit.h */,
				CBD4958B1EBB16CE0042BCC5 /* RuntimeKit.m */,
			);
			path = Runtime;
			sourceTree = "<group>";
		};
		CBD495891EBB163C0042BCC5 /* TestClass */ = {
			isa = PBXGroup;
			children = (
				CBE217B41EBC210000FD3B72 /* TestClass.h */,
				CBE217B51EBC210000FD3B72 /* TestClass.m */,
			);
			path = TestClass;
			sourceTree = "<group>";
		};
		CBFAEFAC1EC3F74A000CBB76 /* 拾遗 */ = {
			isa = PBXGroup;
			children = (
				CBFAEFAD1EC3FB5C000CBB76 /* ExtraController.h */,
				CBFAEFAE1EC3FB5C000CBB76 /* ExtraController.m */,
				CBFAEFB01EC3FBC4000CBB76 /* ExtraClass.h */,
				CBFAEFB11EC3FBC4000CBB76 /* ExtraClass.m */,
				CBFAEFB31EC40669000CBB76 /* MyRuntimeBlock.h */,
				CBFAEFB41EC40669000CBB76 /* MyRuntimeBlock.m */,
			);
			path = "拾遗";
			sourceTree = "<group>";
		};
/* End PBXGroup section */

/* Begin PBXNativeTarget section */
		CBD495691EBAFF140042BCC5 /* RuntimeDemo */ = {
			isa = PBXNativeTarget;
			buildConfigurationList = CBD495811EBAFF140042BCC5 /* Build configuration list for PBXNativeTarget "RuntimeDemo" */;
			buildPhases = (
				CBD495661EBAFF140042BCC5 /* Sources */,
				CBD495671EBAFF140042BCC5 /* Frameworks */,
				CBD495681EBAFF140042BCC5 /* Resources */,
			);
			buildRules = (
			);
			dependencies = (
			);
			name = RuntimeDemo;
			productName = RuntimeDemo;
			productReference = CBD4956A1EBAFF140042BCC5 /* RuntimeDemo.app */;
			productType = "com.apple.product-type.application";
		};
/* End PBXNativeTarget section */

/* Begin PBXProject section */
		CBD495621EBAFF140042BCC5 /* Project object */ = {
			isa = PBXProject;
			attributes = {
				LastUpgradeCheck = 0810;
				ORGANIZATIONNAME = zhou;
				TargetAttributes = {
					CBD495691EBAFF140042BCC5 = {
						CreatedOnToolsVersion = 8.1;
						DevelopmentTeam = F2523872HU;
						ProvisioningStyle = Automatic;
					};
				};
			};
			buildConfigurationList = CBD495651EBAFF140042BCC5 /* Build configuration list for PBXProject "RuntimeDemo" */;
			compatibilityVersion = "Xcode 3.2";
			developmentRegion = English;
			hasScannedForEncodings = 0;
			knownRegions = (
				en,
				Base,
			);
			mainGroup = CBD495611EBAFF140042BCC5;
			productRefGroup = CBD4956B1EBAFF140042BCC5 /* Products */;
			projectDirPath = "";
			projectRoot = "";
			targets = (
				CBD495691EBAFF140042BCC5 /* RuntimeDemo */,
			);
		};
/* End PBXProject section */

/* Begin PBXResourcesBuildPhase section */
		CBD495681EBAFF140042BCC5 /* Resources */ = {
			isa = PBXResourcesBuildPhase;
			buildActionMask = 2147483647;
			files = (
				CBD4957D1EBAFF140042BCC5 /* LaunchScreen.storyboard in Resources */,
				CBD4957A1EBAFF140042BCC5 /* Assets.xcassets in Resources */,
				CBD495781EBAFF140042BCC5 /* Main.storyboard in Resources */,
			);
			runOnlyForDeploymentPostprocessing = 0;
		};
/* End PBXResourcesBuildPhase section */

/* Begin PBXSourcesBuildPhase section */
		CBD495661EBAFF140042BCC5 /* Sources */ = {
			isa = PBXSourcesBuildPhase;
			buildActionMask = 2147483647;
			files = (
				CB3F5DFD1EC16BF800E06A5B /* ClassVar.m in Sources */,
				CB3F5DFA1EC16A8900E06A5B /* MyClass.m in Sources */,
				CB6DCB4A1EC2EC0B00D79F1F /* IvarPropertyController.m in Sources */,
				CBFAEFB51EC40669000CBB76 /* MyRuntimeBlock.m in Sources */,
				CBE217B61EBC210000FD3B72 /* TestClass.m in Sources */,
				CB6DCB4E1EC2F98800D79F1F /* MethodController.m in Sources */,
				CBFAEFB21EC3FBC4000CBB76 /* ExtraClass.m in Sources */,
				CB6DCB521EC3162B00D79F1F /* ProtocolController.m in Sources */,
				CBD495751EBAFF140042BCC5 /* ViewController.m in Sources */,
				CBD495721EBAFF140042BCC5 /* AppDelegate.m in Sources */,
				CBD4956F1EBAFF140042BCC5 /* main.m in Sources */,
				CB6DCB551EC3163E00D79F1F /* RuntimeCategoryClass.m in Sources */,
				CBD4958C1EBB16CE0042BCC5 /* RuntimeKit.m in Sources */,
				CB6DCB471EC2EBEF00D79F1F /* MyObject.m in Sources */,
				CBFAEFAF1EC3FB5C000CBB76 /* ExtraController.m in Sources */,
			);
			runOnlyForDeploymentPostprocessing = 0;
		};
/* End PBXSourcesBuildPhase section */

/* Begin PBXVariantGroup section */
		CBD495761EBAFF140042BCC5 /* Main.storyboard */ = {
			isa = PBXVariantGroup;
			children = (
				CBD495771EBAFF140042BCC5 /* Base */,
			);
			name = Main.storyboard;
			sourceTree = "<group>";
		};
		CBD4957B1EBAFF140042BCC5 /* LaunchScreen.storyboard */ = {
			isa = PBXVariantGroup;
			children = (
				CBD4957C1EBAFF140042BCC5 /* Base */,
			);
			name = LaunchScreen.storyboard;
			sourceTree = "<group>";
		};
/* End PBXVariantGroup section */

/* Begin XCBuildConfiguration section */
		CBD4957F1EBAFF140042BCC5 /* Debug */ = {
			isa = XCBuildConfiguration;
			buildSettings = {
				ALWAYS_SEARCH_USER_PATHS = NO;
				CLANG_ANALYZER_NONNULL = YES;
				CLANG_CXX_LANGUAGE_STANDARD = "gnu++0x";
				CLANG_CXX_LIBRARY = "libc++";
				CLANG_ENABLE_MODULES = YES;
				CLANG_ENABLE_OBJC_ARC = YES;
				CLANG_WARN_BOOL_CONVERSION = YES;
				CLANG_WARN_CONSTANT_CONVERSION = YES;
				CLANG_WARN_DIRECT_OBJC_ISA_USAGE = YES_ERROR;
				CLANG_WARN_DOCUMENTATION_COMMENTS = YES;
				CLANG_WARN_EMPTY_BODY = YES;
				CLANG_WARN_ENUM_CONVERSION = YES;
				CLANG_WARN_INFINITE_RECURSION = YES;
				CLANG_WARN_INT_CONVERSION = YES;
				CLANG_WARN_OBJC_ROOT_CLASS = YES_ERROR;
				CLANG_WARN_SUSPICIOUS_MOVES = YES;
				CLANG_WARN_UNREACHABLE_CODE = YES;
				CLANG_WARN__DUPLICATE_METHOD_MATCH = YES;
				"CODE_SIGN_IDENTITY[sdk=iphoneos*]" = "iPhone Developer";
				COPY_PHASE_STRIP = NO;
				DEBUG_INFORMATION_FORMAT = dwarf;
				ENABLE_STRICT_OBJC_MSGSEND = YES;
				ENABLE_TESTABILITY = YES;
				GCC_C_LANGUAGE_STANDARD = gnu99;
				GCC_DYNAMIC_NO_PIC = NO;
				GCC_NO_COMMON_BLOCKS = YES;
				GCC_OPTIMIZATION_LEVEL = 0;
				GCC_PREPROCESSOR_DEFINITIONS = (
					"DEBUG=1",
					"$(inherited)",
				);
				GCC_WARN_64_TO_32_BIT_CONVERSION = YES;
				GCC_WARN_ABOUT_RETURN_TYPE = YES_ERROR;
				GCC_WARN_UNDECLARED_SELECTOR = YES;
				GCC_WARN_UNINITIALIZED_AUTOS = YES_AGGRESSIVE;
				GCC_WARN_UNUSED_FUNCTION = YES;
				GCC_WARN_UNUSED_VARIABLE = YES;
				IPHONEOS_DEPLOYMENT_TARGET = 10.1;
				MTL_ENABLE_DEBUG_INFO = YES;
				ONLY_ACTIVE_ARCH = YES;
				SDKROOT = iphoneos;
			};
			name = Debug;
		};
		CBD495801EBAFF140042BCC5 /* Release */ = {
			isa = XCBuildConfiguration;
			buildSettings = {
				ALWAYS_SEARCH_USER_PATHS = NO;
				CLANG_ANALYZER_NONNULL = YES;
				CLANG_CXX_LANGUAGE_STANDARD = "gnu++0x";
				CLANG_CXX_LIBRARY = "libc++";
				CLANG_ENABLE_MODULES = YES;
				CLANG_ENABLE_OBJC_ARC = YES;
				CLANG_WARN_BOOL_CONVERSION = YES;
				CLANG_WARN_CONSTANT_CONVERSION = YES;
				CLANG_WARN_DIRECT_OBJC_ISA_USAGE = YES_ERROR;
				CLANG_WARN_DOCUMENTATION_COMMENTS = YES;
				CLANG_WARN_EMPTY_BODY = YES;
				CLANG_WARN_ENUM_CONVERSION = YES;
				CLANG_WARN_INFINITE_RECURSION = YES;
				CLANG_WARN_INT_CONVERSION = YES;
				CLANG_WARN_OBJC_ROOT_CLASS = YES_ERROR;
				CLANG_WARN_SUSPICIOUS_MOVES = YES;
				CLANG_WARN_UNREACHABLE_CODE = YES;
				CLANG_WARN__DUPLICATE_METHOD_MATCH = YES;
				"CODE_SIGN_IDENTITY[sdk=iphoneos*]" = "iPhone Developer";
				COPY_PHASE_STRIP = NO;
				DEBUG_INFORMATION_FORMAT = "dwarf-with-dsym";
				ENABLE_NS_ASSERTIONS = NO;
				ENABLE_STRICT_OBJC_MSGSEND = YES;
				GCC_C_LANGUAGE_STANDARD = gnu99;
				GCC_NO_COMMON_BLOCKS = YES;
				GCC_WARN_64_TO_32_BIT_CONVERSION = YES;
				GCC_WARN_ABOUT_RETURN_TYPE = YES_ERROR;
				GCC_WARN_UNDECLARED_SELECTOR = YES;
				GCC_WARN_UNINITIALIZED_AUTOS = YES_AGGRESSIVE;
				GCC_WARN_UNUSED_FUNCTION = YES;
				GCC_WARN_UNUSED_VARIABLE = YES;
				IPHONEOS_DEPLOYMENT_TARGET = 10.1;
				MTL_ENABLE_DEBUG_INFO = NO;
				SDKROOT = iphoneos;
				VALIDATE_PRODUCT = YES;
			};
			name = Release;
		};
		CBD495821EBAFF140042BCC5 /* Debug */ = {
			isa = XCBuildConfiguration;
			buildSettings = {
				ASSETCATALOG_COMPILER_APPICON_NAME = AppIcon;
				DEVELOPMENT_TEAM = F2523872HU;
				INFOPLIST_FILE = RuntimeDemo/Info.plist;
				LD_RUNPATH_SEARCH_PATHS = "$(inherited) @executable_path/Frameworks";
				PRODUCT_BUNDLE_IDENTIFIER = com.zhou.RuntimeDemo;
				PRODUCT_NAME = "$(TARGET_NAME)";
			};
			name = Debug;
		};
		CBD495831EBAFF140042BCC5 /* Release */ = {
			isa = XCBuildConfiguration;
			buildSettings = {
				ASSETCATALOG_COMPILER_APPICON_NAME = AppIcon;
				DEVELOPMENT_TEAM = F2523872HU;
				INFOPLIST_FILE = RuntimeDemo/Info.plist;
				LD_RUNPATH_SEARCH_PATHS = "$(inherited) @executable_path/Frameworks";
				PRODUCT_BUNDLE_IDENTIFIER = com.zhou.RuntimeDemo;
				PRODUCT_NAME = "$(TARGET_NAME)";
			};
			name = Release;
		};
/* End XCBuildConfiguration section */

/* Begin XCConfigurationList section */
		CBD495651EBAFF140042BCC5 /* Build configuration list for PBXProject "RuntimeDemo" */ = {
			isa = XCConfigurationList;
			buildConfigurations = (
				CBD4957F1EBAFF140042BCC5 /* Debug */,
				CBD495801EBAFF140042BCC5 /* Release */,
			);
			defaultConfigurationIsVisible = 0;
			defaultConfigurationName = Release;
		};
		CBD495811EBAFF140042BCC5 /* Build configuration list for PBXNativeTarget "RuntimeDemo" */ = {
			isa = XCConfigurationList;
			buildConfigurations = (
				CBD495821EBAFF140042BCC5 /* Debug */,
				CBD495831EBAFF140042BCC5 /* Release */,
			);
			defaultConfigurationIsVisible = 0;
			defaultConfigurationName = Release;
		};
/* End XCConfigurationList section */
	};
	rootObject = CBD495621EBAFF140042BCC5 /* Project object */;
}
